
Microsoft Visual Studio Solution File, Format Version 12.00
# Visual Studio 15
VisualStudioVersion = 15.0.26124.0
MinimumVisualStudioVersion = 15.0.26124.0
Project("{2150E333-8FDC-42A3-9474-1A3956D46DE8}") = "src", "src", "{3C1CE804-9A89-45B7-8A13-476951BFA778}"
EndProject
Project("{FAE04EC0-301F-11D3-BF4B-00C04F79EFBC}") = "FinancialFunctions", "src\FinancialFunctions\FinancialFunctions.csproj", "{FA67341A-F49B-4D1B-8C4A-22407BAA3AD1}"
EndProject
Project("{2150E333-8FDC-42A3-9474-1A3956D46DE8}") = "tests", "tests", "{25F40213-46F5-47A5-9DAC-20FDBDDAA7C4}"
EndProject
Project("{FAE04EC0-301F-11D3-BF4B-00C04F79EFBC}") = "FinancialFunctions.Tests", "tests\FinancialFunctions.Tests\FinancialFunctions.Tests.csproj", "{C1CBD1B1-DE6B-43B1-8F37-A81FC6A7C5AF}"
EndProject
Global
	GlobalSection(SolutionConfigurationPlatforms) = preSolution
		Debug|Any CPU = Debug|Any CPU
		Debug|x64 = Debug|x64
		Debug|x86 = Debug|x86
		Release|Any CPU = Release|Any CPU
		Release|x64 = Release|x64
		Release|x86 = Release|x86
	EndGlobalSection
	GlobalSection(SolutionProperties) = preSolution
		HideSolutionNode = FALSE
	EndGlobalSection
	GlobalSection(ProjectConfigurationPlatforms) = postSolution
		{FA67341A-F49B-4D1B-8C4A-22407BAA3AD1}.Debug|Any CPU.ActiveCfg = Debug|Any CPU
		{FA67341A-F49B-4D1B-8C4A-22407BAA3AD1}.Debug|Any CPU.Build.0 = Debug|Any CPU
		{FA67341A-F49B-4D1B-8C4A-22407BAA3AD1}.Debug|x64.ActiveCfg = Debug|Any CPU
		{FA67341A-F49B-4D1B-8C4A-22407BAA3AD1}.Debug|x64.Build.0 = Debug|Any CPU
		{FA67341A-F49B-4D1B-8C4A-22407BAA3AD1}.Debug|x86.ActiveCfg = Debug|Any CPU
		{FA67341A-F49B-4D1B-8C4A-22407BAA3AD1}.Debug|x86.Build.0 = Debug|Any CPU
		{FA67341A-F49B-4D1B-8C4A-22407BAA3AD1}.Release|Any CPU.ActiveCfg = Release|Any CPU
		{FA67341A-F49B-4D1B-8C4A-22407BAA3AD1}.Release|Any CPU.Build.0 = Release|Any CPU
		{FA67341A-F49B-4D1B-8C4A-22407BAA3AD1}.Release|x64.ActiveCfg = Release|Any CPU
		{FA67341A-F49B-4D1B-8C4A-22407BAA3AD1}.Release|x64.Build.0 = Release|Any CPU
		{FA67341A-F49B-4D1B-8C4A-22407BAA3AD1}.Release|x86.ActiveCfg = Release|Any CPU
		{FA67341A-F49B-4D1B-8C4A-22407BAA3AD1}.Release|x86.Build.0 = Release|Any CPU
		{C1CBD1B1-DE6B-43B1-8F37-A81FC6A7C5AF}.Debug|Any CPU.ActiveCfg = Debug|Any CPU
		{C1CBD1B1-DE6B-43B1-8F37-A81FC6A7C5AF}.Debug|Any CPU.Build.0 = Debug|Any CPU
		{C1CBD1B1-DE6B-43B1-8F37-A81FC6A7C5AF}.Debug|x64.ActiveCfg = Debug|Any CPU
		{C1CBD1B1-DE6B-43B1-8F37-A81FC6A7C5AF}.Debug|x64.Build.0 = Debug|Any CPU
		{C1CBD1B1-DE6B-43B1-8F37-A81FC6A7C5AF}.Debug|x86.ActiveCfg = Debug|Any CPU
		{C1CBD1B1-DE6B-43B1-8F37-A81FC6A7C5AF}.Debug|x86.Build.0 = Debug|Any CPU
		{C1CBD1B1-DE6B-43B1-8F37-A81FC6A7C5AF}.Release|Any CPU.ActiveCfg = Release|Any CPU
		{C1CBD1B1-DE6B-43B1-8F37-A81FC6A7C5AF}.Release|Any CPU.Build.0 = Release|Any CPU
		{C1CBD1B1-DE6B-43B1-8F37-A81FC6A7C5AF}.Release|x64.ActiveCfg = Release|Any CPU
		{C1CBD1B1-DE6B-43B1-8F37-A81FC6A7C5AF}.Release|x64.Build.0 = Release|Any CPU
		{C1CBD1B1-DE6B-43B1-8F37-A81FC6A7C5AF}.Release|x86.ActiveCfg = Release|Any CPU
		{C1CBD1B1-DE6B-43B1-8F37-A81FC6A7C5AF}.Release|x86.Build.0 = Release|Any CPU
	EndGlobalSection
	GlobalSection(NestedProjects) = preSolution
		{FA67341A-F49B-4D1B-8C4A-22407BAA3AD1} = {3C1CE804-9A89-45B7-8A13-476951BFA778}
		{C1CBD1B1-DE6B-43B1-8F37-A81FC6A7C5AF} = {25F40213-46F5-47A5-9DAC-20FDBDDAA7C4}
	EndGlobalSection
EndGlobal
